
Microsoft Visual Studio Solution File, Format Version 12.00
# Visual Studio 14
VisualStudioVersion = 14.0.23107.0
MinimumVisualStudioVersion = 10.0.40219.1
Project("{FAE04EC0-301F-11D3-BF4B-00C04F79EFBC}") = "GrupoCometa", "GrupoCometa\GrupoCometa.csproj", "{30C03B6A-74C8-4315-83D8-DECF1BBDDF45}"
EndProject
Global
	GlobalSection(SolutionConfigurationPlatforms) = preSolution
		Debug|Any CPU = Debug|Any CPU
		Release|Any CPU = Release|Any CPU
	EndGlobalSection
	GlobalSection(ProjectConfigurationPlatforms) = postSolution
		{30C03B6A-74C8-4315-83D8-DECF1BBDDF45}.Debug|Any CPU.ActiveCfg = Debug|Any CPU
		{30C03B6A-74C8-4315-83D8-DECF1BBDDF45}.Debug|Any CPU.Build.0 = Debug|Any CPU
		{30C03B6A-74C8-4315-83D8-DECF1BBDDF45}.Release|Any CPU.ActiveCfg = Release|Any CPU
		{30C03B6A-74C8-4315-83D8-DECF1BBDDF45}.Release|Any CPU.Build.0 = Release|Any CPU
	EndGlobalSection
	GlobalSection(SolutionProperties) = preSolution
		HideSolutionNode = FALSE
	EndGlobalSection
EndGlobal
